
Microsoft Visual Studio Solution File, Format Version 12.00
# Visual Studio 15
VisualStudioVersion = 15.0.26430.13
MinimumVisualStudioVersion = 10.0.40219.1
Project("{FAE04EC0-301F-11D3-BF4B-00C04F79EFBC}") = "MoePicture", "MoePicture\MoePicture.csproj", "{EC1398BE-7DC1-4C9C-9192-16C63A8521A2}"
EndProject
Project("{FAE04EC0-301F-11D3-BF4B-00C04F79EFBC}") = "DataBase", "DataBase\DataBase.csproj", "{ABB6BC46-85F2-4287-B4AC-3DB37A09EB31}"
EndProject
Project("{FAE04EC0-301F-11D3-BF4B-00C04F79EFBC}") = "CustomControl", "CustomControl\CustomControl.csproj", "{A4CC24D4-F383-4E1F-87C6-CD9794B719B3}"
EndProject
Project("{FAE04EC0-301F-11D3-BF4B-00C04F79EFBC}") = "UwpLibs", "UwpLibs\UwpLibs.csproj", "{57917382-9C60-4EC1-AB93-B7232D460CF3}"
EndProject
Project("{FAE04EC0-301F-11D3-BF4B-00C04F79EFBC}") = "UwpUiLibs", "UwpUiLibs\UwpUiLibs.csproj", "{DEAE99D3-32A8-420E-8DB9-1557BF9819AE}"
EndProject
Project("{2150E333-8FDC-42A3-9474-1A3956D46DE8}") = "Solution Items", "Solution Items", "{62330E1D-6404-41DA-8C72-466D01446305}"
	ProjectSection(SolutionItems) = preProject
		.gitattributes = .gitattributes
		.gitignore = .gitignore
		LICENSE = LICENSE
		README.md = README.md
	EndProjectSection
EndProject
Global
	GlobalSection(SolutionConfigurationPlatforms) = preSolution
		Debug|Any CPU = Debug|Any CPU
		Debug|ARM = Debug|ARM
		Debug|x64 = Debug|x64
		Debug|x86 = Debug|x86
		Release|Any CPU = Release|Any CPU
		Release|ARM = Release|ARM
		Release|x64 = Release|x64
		Release|x86 = Release|x86
	EndGlobalSection
	GlobalSection(ProjectConfigurationPlatforms) = postSolution
		{EC1398BE-7DC1-4C9C-9192-16C63A8521A2}.Debug|Any CPU.ActiveCfg = Debug|x86
		{EC1398BE-7DC1-4C9C-9192-16C63A8521A2}.Debug|ARM.ActiveCfg = Debug|ARM
		{EC1398BE-7DC1-4C9C-9192-16C63A8521A2}.Debug|ARM.Build.0 = Debug|ARM
		{EC1398BE-7DC1-4C9C-9192-16C63A8521A2}.Debug|ARM.Deploy.0 = Debug|ARM
		{EC1398BE-7DC1-4C9C-9192-16C63A8521A2}.Debug|x64.ActiveCfg = Debug|x64
		{EC1398BE-7DC1-4C9C-9192-16C63A8521A2}.Debug|x64.Build.0 = Debug|x64
		{EC1398BE-7DC1-4C9C-9192-16C63A8521A2}.Debug|x64.Deploy.0 = Debug|x64
		{EC1398BE-7DC1-4C9C-9192-16C63A8521A2}.Debug|x86.ActiveCfg = Debug|x86
		{EC1398BE-7DC1-4C9C-9192-16C63A8521A2}.Debug|x86.Build.0 = Debug|x86
		{EC1398BE-7DC1-4C9C-9192-16C63A8521A2}.Debug|x86.Deploy.0 = Debug|x86
		{EC1398BE-7DC1-4C9C-9192-16C63A8521A2}.Release|Any CPU.ActiveCfg = Release|x86
		{EC1398BE-7DC1-4C9C-9192-16C63A8521A2}.Release|ARM.ActiveCfg = Release|ARM
		{EC1398BE-7DC1-4C9C-9192-16C63A8521A2}.Release|ARM.Build.0 = Release|ARM
		{EC1398BE-7DC1-4C9C-9192-16C63A8521A2}.Release|ARM.Deploy.0 = Release|ARM
		{EC1398BE-7DC1-4C9C-9192-16C63A8521A2}.Release|x64.ActiveCfg = Release|x64
		{EC1398BE-7DC1-4C9C-9192-16C63A8521A2}.Release|x64.Build.0 = Release|x64
		{EC1398BE-7DC1-4C9C-9192-16C63A8521A2}.Release|x64.Deploy.0 = Release|x64
		{EC1398BE-7DC1-4C9C-9192-16C63A8521A2}.Release|x86.ActiveCfg = Release|x86
		{EC1398BE-7DC1-4C9C-9192-16C63A8521A2}.Release|x86.Build.0 = Release|x86
		{EC1398BE-7DC1-4C9C-9192-16C63A8521A2}.Release|x86.Deploy.0 = Release|x86
		{ABB6BC46-85F2-4287-B4AC-3DB37A09EB31}.Debug|Any CPU.ActiveCfg = Debug|Any CPU
		{ABB6BC46-85F2-4287-B4AC-3DB37A09EB31}.Debug|Any CPU.Build.0 = Debug|Any CPU
		{ABB6BC46-85F2-4287-B4AC-3DB37A09EB31}.Debug|ARM.ActiveCfg = Debug|ARM
		{ABB6BC46-85F2-4287-B4AC-3DB37A09EB31}.Debug|ARM.Build.0 = Debug|ARM
		{ABB6BC46-85F2-4287-B4AC-3DB37A09EB31}.Debug|x64.ActiveCfg = Debug|x64
		{ABB6BC46-85F2-4287-B4AC-3DB37A09EB31}.Debug|x64.Build.0 = Debug|x64
		{ABB6BC46-85F2-4287-B4AC-3DB37A09EB31}.Debug|x86.ActiveCfg = Debug|x86
		{ABB6BC46-85F2-4287-B4AC-3DB37A09EB31}.Debug|x86.Build.0 = Debug|x86
		{ABB6BC46-85F2-4287-B4AC-3DB37A09EB31}.Release|Any CPU.ActiveCfg = Release|Any CPU
		{ABB6BC46-85F2-4287-B4AC-3DB37A09EB31}.Release|Any CPU.Build.0 = Release|Any CPU
		{ABB6BC46-85F2-4287-B4AC-3DB37A09EB31}.Release|ARM.ActiveCfg = Release|ARM
		{ABB6BC46-85F2-4287-B4AC-3DB37A09EB31}.Release|ARM.Build.0 = Release|ARM
		{ABB6BC46-85F2-4287-B4AC-3DB37A09EB31}.Release|x64.ActiveCfg = Release|x64
		{ABB6BC46-85F2-4287-B4AC-3DB37A09EB31}.Release|x64.Build.0 = Release|x64
		{ABB6BC46-85F2-4287-B4AC-3DB37A09EB31}.Release|x86.ActiveCfg = Release|x86
		{ABB6BC46-85F2-4287-B4AC-3DB37A09EB31}.Release|x86.Build.0 = Release|x86
		{A4CC24D4-F383-4E1F-87C6-CD9794B719B3}.Debug|Any CPU.ActiveCfg = Debug|Any CPU
		{A4CC24D4-F383-4E1F-87C6-CD9794B719B3}.Debug|Any CPU.Build.0 = Debug|Any CPU
		{A4CC24D4-F383-4E1F-87C6-CD9794B719B3}.Debug|ARM.ActiveCfg = Debug|ARM
		{A4CC24D4-F383-4E1F-87C6-CD9794B719B3}.Debug|ARM.Build.0 = Debug|ARM
		{A4CC24D4-F383-4E1F-87C6-CD9794B719B3}.Debug|x64.ActiveCfg = Debug|x64
		{A4CC24D4-F383-4E1F-87C6-CD9794B719B3}.Debug|x64.Build.0 = Debug|x64
		{A4CC24D4-F383-4E1F-87C6-CD9794B719B3}.Debug|x86.ActiveCfg = Debug|x86
		{A4CC24D4-F383-4E1F-87C6-CD9794B719B3}.Debug|x86.Build.0 = Debug|x86
		{A4CC24D4-F383-4E1F-87C6-CD9794B719B3}.Release|Any CPU.ActiveCfg = Release|Any CPU
		{A4CC24D4-F383-4E1F-87C6-CD9794B719B3}.Release|Any CPU.Build.0 = Release|Any CPU
		{A4CC24D4-F383-4E1F-87C6-CD9794B719B3}.Release|ARM.ActiveCfg = Release|ARM
		{A4CC24D4-F383-4E1F-87C6-CD9794B719B3}.Release|ARM.Build.0 = Release|ARM
		{A4CC24D4-F383-4E1F-87C6-CD9794B719B3}.Release|x64.ActiveCfg = Release|x64
		{A4CC24D4-F383-4E1F-87C6-CD9794B719B3}.Release|x64.Build.0 = Release|x64
		{A4CC24D4-F383-4E1F-87C6-CD9794B719B3}.Release|x86.ActiveCfg = Release|x86
		{A4CC24D4-F383-4E1F-87C6-CD9794B719B3}.Release|x86.Build.0 = Release|x86
		{57917382-9C60-4EC1-AB93-B7232D460CF3}.Debug|Any CPU.ActiveCfg = Debug|Any CPU
		{57917382-9C60-4EC1-AB93-B7232D460CF3}.Debug|Any CPU.Build.0 = Debug|Any CPU
		{57917382-9C60-4EC1-AB93-B7232D460CF3}.Debug|ARM.ActiveCfg = Debug|ARM
		{57917382-9C60-4EC1-AB93-B7232D460CF3}.Debug|ARM.Build.0 = Debug|ARM
		{57917382-9C60-4EC1-AB93-B7232D460CF3}.Debug|x64.ActiveCfg = Debug|x64
		{57917382-9C60-4EC1-AB93-B7232D460CF3}.Debug|x64.Build.0 = Debug|x64
		{57917382-9C60-4EC1-AB93-B7232D460CF3}.Debug|x86.ActiveCfg = Debug|x86
		{57917382-9C60-4EC1-AB93-B7232D460CF3}.Debug|x86.Build.0 = Debug|x86
		{57917382-9C60-4EC1-AB93-B7232D460CF3}.Release|Any CPU.ActiveCfg = Release|Any CPU
		{57917382-9C60-4EC1-AB93-B7232D460CF3}.Release|Any CPU.Build.0 = Release|Any CPU
		{57917382-9C60-4EC1-AB93-B7232D460CF3}.Release|ARM.ActiveCfg = Release|ARM
		{57917382-9C60-4EC1-AB93-B7232D460CF3}.Release|ARM.Build.0 = Release|ARM
		{57917382-9C60-4EC1-AB93-B7232D460CF3}.Release|x64.ActiveCfg = Release|x64
		{57917382-9C60-4EC1-AB93-B7232D460CF3}.Release|x64.Build.0 = Release|x64
		{57917382-9C60-4EC1-AB93-B7232D460CF3}.Release|x86.ActiveCfg = Release|x86
		{57917382-9C60-4EC1-AB93-B7232D460CF3}.Release|x86.Build.0 = Release|x86
		{DEAE99D3-32A8-420E-8DB9-1557BF9819AE}.Debug|Any CPU.ActiveCfg = Debug|Any CPU
		{DEAE99D3-32A8-420E-8DB9-1557BF9819AE}.Debug|Any CPU.Build.0 = Debug|Any CPU
		{DEAE99D3-32A8-420E-8DB9-1557BF9819AE}.Debug|ARM.ActiveCfg = Debug|ARM
		{DEAE99D3-32A8-420E-8DB9-1557BF9819AE}.Debug|ARM.Build.0 = Debug|ARM
		{DEAE99D3-32A8-420E-8DB9-1557BF9819AE}.Debug|x64.ActiveCfg = Debug|x64
		{DEAE99D3-32A8-420E-8DB9-1557BF9819AE}.Debug|x64.Build.0 = Debug|x64
		{DEAE99D3-32A8-420E-8DB9-1557BF9819AE}.Debug|x86.ActiveCfg = Debug|x86
		{DEAE99D3-32A8-420E-8DB9-1557BF9819AE}.Debug|x86.Build.0 = Debug|x86
		{DEAE99D3-32A8-420E-8DB9-1557BF9819AE}.Release|Any CPU.ActiveCfg = Release|Any CPU
		{DEAE99D3-32A8-420E-8DB9-1557BF9819AE}.Release|Any CPU.Build.0 = Release|Any CPU
		{DEAE99D3-32A8-420E-8DB9-1557BF9819AE}.Release|ARM.ActiveCfg = Release|ARM
		{DEAE99D3-32A8-420E-8DB9-1557BF9819AE}.Release|ARM.Build.0 = Release|ARM
		{DEAE99D3-32A8-420E-8DB9-1557BF9819AE}.Release|x64.ActiveCfg = Release|x64
		{DEAE99D3-32A8-420E-8DB9-1557BF9819AE}.Release|x64.Build.0 = Release|x64
		{DEAE99D3-32A8-420E-8DB9-1557BF9819AE}.Release|x86.ActiveCfg = Release|x86
		{DEAE99D3-32A8-420E-8DB9-1557BF9819AE}.Release|x86.Build.0 = Release|x86
	EndGlobalSection
	GlobalSection(SolutionProperties) = preSolution
		HideSolutionNode = FALSE
	EndGlobalSection
	GlobalSection(ExtensibilityGlobals) = postSolution
		SolutionGuid = {20FF35ED-C8E6-4657-82C8-625533E61FAE}
	EndGlobalSection
EndGlobal
